
Microsoft Visual Studio Solution File, Format Version 12.00
# Visual Studio Version 17
VisualStudioVersion = 17.11.35327.3
MinimumVisualStudioVersion = 10.0.40219.1
Project("{9A19103F-16F7-4668-BE54-9A1E7A4F7556}") = "RedditCharts.Common", "RedditCharts.Common\RedditCharts.Common.csproj", "{23A69CBC-D2B4-47BF-80ED-89581FDAA505}"
EndProject
Project("{FAE04EC0-301F-11D3-BF4B-00C04F79EFBC}") = "RedditCharts.Tests", "RedditCharts.Tests\RedditCharts.Tests.csproj", "{9977B430-AE78-4D08-A74F-9CA0EC90CA5F}"
EndProject
Project("{9A19103F-16F7-4668-BE54-9A1E7A4F7556}") = "RedditCharts.Service", "RedditCharts.Service\RedditCharts.Service.csproj", "{0165CA83-C25A-426A-B190-C6CE112A7D8B}"
EndProject
Global
	GlobalSection(SolutionConfigurationPlatforms) = preSolution
		Debug|Any CPU = Debug|Any CPU
		Release|Any CPU = Release|Any CPU
	EndGlobalSection
	GlobalSection(ProjectConfigurationPlatforms) = postSolution
		{23A69CBC-D2B4-47BF-80ED-89581FDAA505}.Debug|Any CPU.ActiveCfg = Debug|Any CPU
		{23A69CBC-D2B4-47BF-80ED-89581FDAA505}.Debug|Any CPU.Build.0 = Debug|Any CPU
		{23A69CBC-D2B4-47BF-80ED-89581FDAA505}.Release|Any CPU.ActiveCfg = Release|Any CPU
		{23A69CBC-D2B4-47BF-80ED-89581FDAA505}.Release|Any CPU.Build.0 = Release|Any CPU
		{9977B430-AE78-4D08-A74F-9CA0EC90CA5F}.Debug|Any CPU.ActiveCfg = Debug|Any CPU
		{9977B430-AE78-4D08-A74F-9CA0EC90CA5F}.Debug|Any CPU.Build.0 = Debug|Any CPU
		{9977B430-AE78-4D08-A74F-9CA0EC90CA5F}.Release|Any CPU.ActiveCfg = Release|Any CPU
		{9977B430-AE78-4D08-A74F-9CA0EC90CA5F}.Release|Any CPU.Build.0 = Release|Any CPU
		{0165CA83-C25A-426A-B190-C6CE112A7D8B}.Debug|Any CPU.ActiveCfg = Debug|Any CPU
		{0165CA83-C25A-426A-B190-C6CE112A7D8B}.Debug|Any CPU.Build.0 = Debug|Any CPU
		{0165CA83-C25A-426A-B190-C6CE112A7D8B}.Release|Any CPU.ActiveCfg = Release|Any CPU
		{0165CA83-C25A-426A-B190-C6CE112A7D8B}.Release|Any CPU.Build.0 = Release|Any CPU
	EndGlobalSection
	GlobalSection(SolutionProperties) = preSolution
		HideSolutionNode = FALSE
	EndGlobalSection
	GlobalSection(ExtensibilityGlobals) = postSolution
		SolutionGuid = {38E0477B-B7FB-45CC-B31C-8E471BD5CB4A}
	EndGlobalSection
EndGlobal
